
Microsoft Visual Studio Solution File, Format Version 12.00
# Visual Studio 15
VisualStudioVersion = 15.0.26228.4
MinimumVisualStudioVersion = 10.0.40219.1
Project("{9A19103F-16F7-4668-BE54-9A1E7A4F7556}") = "website", "website\website.csproj", "{FC8673BD-B5E1-45B6-973E-5B51DBE7AA9F}"
EndProject
Project("{9A19103F-16F7-4668-BE54-9A1E7A4F7556}") = "tests.netcoreapp", "tests\tests.netcoreapp.csproj", "{02A17456-80EC-4BA7-BB91-5D5A41AFFEFA}"
EndProject
Project("{FAE04EC0-301F-11D3-BF4B-00C04F79EFBC}") = "bizlogic", "bizlogic\bizlogic.csproj", "{C5A44E9C-F1AF-4F84-8D96-FCAD4EFBA5DD}"
EndProject
Project("{FAE04EC0-301F-11D3-BF4B-00C04F79EFBC}") = "tests.netframework", "tests.netframework\tests.netframework.csproj", "{DE9E1E24-2BB5-42AC-B21D-84530BF78DAE}"
EndProject
Global
	GlobalSection(SolutionConfigurationPlatforms) = preSolution
		Debug|Any CPU = Debug|Any CPU
		Release|Any CPU = Release|Any CPU
	EndGlobalSection
	GlobalSection(ProjectConfigurationPlatforms) = postSolution
		{FC8673BD-B5E1-45B6-973E-5B51DBE7AA9F}.Debug|Any CPU.ActiveCfg = Debug|Any CPU
		{FC8673BD-B5E1-45B6-973E-5B51DBE7AA9F}.Debug|Any CPU.Build.0 = Debug|Any CPU
		{FC8673BD-B5E1-45B6-973E-5B51DBE7AA9F}.Release|Any CPU.ActiveCfg = Release|Any CPU
		{FC8673BD-B5E1-45B6-973E-5B51DBE7AA9F}.Release|Any CPU.Build.0 = Release|Any CPU
		{02A17456-80EC-4BA7-BB91-5D5A41AFFEFA}.Debug|Any CPU.ActiveCfg = Debug|Any CPU
		{02A17456-80EC-4BA7-BB91-5D5A41AFFEFA}.Debug|Any CPU.Build.0 = Debug|Any CPU
		{02A17456-80EC-4BA7-BB91-5D5A41AFFEFA}.Release|Any CPU.ActiveCfg = Release|Any CPU
		{02A17456-80EC-4BA7-BB91-5D5A41AFFEFA}.Release|Any CPU.Build.0 = Release|Any CPU
		{C5A44E9C-F1AF-4F84-8D96-FCAD4EFBA5DD}.Debug|Any CPU.ActiveCfg = Debug|Any CPU
		{C5A44E9C-F1AF-4F84-8D96-FCAD4EFBA5DD}.Debug|Any CPU.Build.0 = Debug|Any CPU
		{C5A44E9C-F1AF-4F84-8D96-FCAD4EFBA5DD}.Release|Any CPU.ActiveCfg = Release|Any CPU
		{C5A44E9C-F1AF-4F84-8D96-FCAD4EFBA5DD}.Release|Any CPU.Build.0 = Release|Any CPU
		{DE9E1E24-2BB5-42AC-B21D-84530BF78DAE}.Debug|Any CPU.ActiveCfg = Debug|Any CPU
		{DE9E1E24-2BB5-42AC-B21D-84530BF78DAE}.Debug|Any CPU.Build.0 = Debug|Any CPU
		{DE9E1E24-2BB5-42AC-B21D-84530BF78DAE}.Release|Any CPU.ActiveCfg = Release|Any CPU
		{DE9E1E24-2BB5-42AC-B21D-84530BF78DAE}.Release|Any CPU.Build.0 = Release|Any CPU
	EndGlobalSection
	GlobalSection(SolutionProperties) = preSolution
		HideSolutionNode = FALSE
	EndGlobalSection
	GlobalSection(ExtensibilityGlobals) = postSolution
		SolutionGuid = {4FDFF1DE-7A11-43DF-9482-088A2DBA33BD}
	EndGlobalSection
EndGlobal
